
Microsoft Visual Studio Solution File, Format Version 12.00
# Visual Studio 15
VisualStudioVersion = 15.0.27428.2005
MinimumVisualStudioVersion = 10.0.40219.1
Project("{FAE04EC0-301F-11D3-BF4B-00C04F79EFBC}") = "Soccer_Manager", "Soccer_Manager\Soccer_Manager.csproj", "{0D04B31F-D3ED-43BF-A34C-5FB7CDDA4730}"
EndProject
Global
	GlobalSection(SolutionConfigurationPlatforms) = preSolution
		Debug|Any CPU = Debug|Any CPU
		Release|Any CPU = Release|Any CPU
	EndGlobalSection
	GlobalSection(ProjectConfigurationPlatforms) = postSolution
		{0D04B31F-D3ED-43BF-A34C-5FB7CDDA4730}.Debug|Any CPU.ActiveCfg = Debug|Any CPU
		{0D04B31F-D3ED-43BF-A34C-5FB7CDDA4730}.Debug|Any CPU.Build.0 = Debug|Any CPU
		{0D04B31F-D3ED-43BF-A34C-5FB7CDDA4730}.Release|Any CPU.ActiveCfg = Release|Any CPU
		{0D04B31F-D3ED-43BF-A34C-5FB7CDDA4730}.Release|Any CPU.Build.0 = Release|Any CPU
	EndGlobalSection
	GlobalSection(SolutionProperties) = preSolution
		HideSolutionNode = FALSE
	EndGlobalSection
	GlobalSection(ExtensibilityGlobals) = postSolution
		SolutionGuid = {9AF72191-9155-4241-9A3F-0F4EF09C4839}
	EndGlobalSection
EndGlobal
