
Microsoft Visual Studio Solution File, Format Version 12.00
# Visual Studio 15
VisualStudioVersion = 15.0.27428.2005
MinimumVisualStudioVersion = 10.0.40219.1
Project("{9A19103F-16F7-4668-BE54-9A1E7A4F7556}") = "WebApplication1", "WebApplication1\WebApplication1.csproj", "{8B01C66A-BCE4-4E0B-BD4B-9CD8D18C5823}"
EndProject
Project("{FAE04EC0-301F-11D3-BF4B-00C04F79EFBC}") = "DAL", "DAL\DAL.csproj", "{FB6D2E71-EE64-4CBF-A530-AF78D9B31593}"
EndProject
Global
	GlobalSection(SolutionConfigurationPlatforms) = preSolution
		Debug|Any CPU = Debug|Any CPU
		Release|Any CPU = Release|Any CPU
	EndGlobalSection
	GlobalSection(ProjectConfigurationPlatforms) = postSolution
		{8B01C66A-BCE4-4E0B-BD4B-9CD8D18C5823}.Debug|Any CPU.ActiveCfg = Debug|Any CPU
		{8B01C66A-BCE4-4E0B-BD4B-9CD8D18C5823}.Debug|Any CPU.Build.0 = Debug|Any CPU
		{8B01C66A-BCE4-4E0B-BD4B-9CD8D18C5823}.Release|Any CPU.ActiveCfg = Release|Any CPU
		{8B01C66A-BCE4-4E0B-BD4B-9CD8D18C5823}.Release|Any CPU.Build.0 = Release|Any CPU
		{FB6D2E71-EE64-4CBF-A530-AF78D9B31593}.Debug|Any CPU.ActiveCfg = Debug|Any CPU
		{FB6D2E71-EE64-4CBF-A530-AF78D9B31593}.Debug|Any CPU.Build.0 = Debug|Any CPU
		{FB6D2E71-EE64-4CBF-A530-AF78D9B31593}.Release|Any CPU.ActiveCfg = Release|Any CPU
		{FB6D2E71-EE64-4CBF-A530-AF78D9B31593}.Release|Any CPU.Build.0 = Release|Any CPU
	EndGlobalSection
	GlobalSection(SolutionProperties) = preSolution
		HideSolutionNode = FALSE
	EndGlobalSection
	GlobalSection(ExtensibilityGlobals) = postSolution
		SolutionGuid = {FF84DC15-95C1-414E-8D78-23368858B170}
	EndGlobalSection
EndGlobal
